<?xml version="1.0" encoding="utf-8"?>
<Project ToolsVersion="4.0" xmlns="http://schemas.microsoft.com/developer/msbuild/2003">
  <ItemGroup>
    <Filter Include="Source Files">
      <UniqueIdentifier>{4FC737F1-C7A5-4376-A066-2A32D752A2FF}</UniqueIdentifier>
      <Extensions>cpp;c;cc;cxx;def;odl;idl;hpj;bat;asm;asmx</Extensions>
    </Filter>
    <Filter Include="Header Files">
      <UniqueIdentifier>{93995380-89BD-4b04-88EB-625FBE52EBFB}</UniqueIdentifier>
      <Extensions>h;hh;hpp;hxx;hm;inl;inc;xsd</Extensions>
    </Filter>
    <Filter Include="Resource Files">
      <UniqueIdentifier>{67DA6AB6-F800-4c08-8B7A-83BB121AAD01}</UniqueIdentifier>
      <Extensions>qrc;rc;ico;cur;bmp;dlg;rc2;rct;bin;rgs;gif;jpg;jpeg;jpe;resx;tiff;tif;png;wav;mfcribbon-ms</Extensions>
    </Filter>
    <Filter Include="Form Files">
      <UniqueIdentifier>{99349809-55BA-4b9d-BF79-8FDBB0286EB3}</UniqueIdentifier>
      <Extensions>ui</Extensions>
    </Filter>
    <Filter Include="Translation Files">
      <UniqueIdentifier>{639EADAA-A684-42e4-A9AD-28FC9BCB8F7C}</UniqueIdentifier>
      <Extensions>ts</Extensions>
    </Filter>
  </ItemGroup>
  <ItemGroup>
    <ClCompile Include="src\main.cpp">
      <Filter>Source Files</Filter>
    </ClCompile>
    <ClCompile Include="src\vs\colors.cpp">
      <Filter>Source Files</Filter>
    </ClCompile>
    <ClCompile Include="src\vs\rife.cpp">
      <Filter>Source Files</Filter>
    </ClCompile>
    <ClCompile Include="src\vs\svpflow.cpp">
      <Filter>Source Files</Filter>
    </ClCompile>
    <ClCompile Include="src\vs\vapoursynth.cpp">
      <Filter>Source Files</Filter>
    </ClCompile>
    <ClCompile Include="src\vs\waifu2x.cpp">
      <Filter>Source Files</Filter>
    </ClCompile>
    <ClCompile Include="src\ui\audio.cpp">
      <Filter>Source Files</Filter>
    </ClCompile>
    <ClCompile Include="src\ui\av1.cpp">
      <Filter>Source Files</Filter>
    </ClCompile>
    <ClCompile Include="src\ui\avc.cpp">
      <Filter>Source Files</Filter>
    </ClCompile>
    <ClCompile Include="src\ui\config.cpp">
      <Filter>Source Files</Filter>
    </ClCompile>
    <ClCompile Include="src\ui\encodegui.cpp">
      <Filter>Source Files</Filter>
    </ClCompile>
    <ClCompile Include="src\ui\hevc.cpp">
      <Filter>Source Files</Filter>
    </ClCompile>
    <ClCompile Include="src\ui\jobs.cpp">
      <Filter>Source Files</Filter>
    </ClCompile>
    <ClCompile Include="src\ui\msgbox.cpp">
      <Filter>Source Files</Filter>
    </ClCompile>
    <ClCompile Include="src\ui\preview.cpp">
      <Filter>Source Files</Filter>
    </ClCompile>
    <ClCompile Include="src\ui\script.cpp">
      <Filter>Source Files</Filter>
    </ClCompile>
    <ClCompile Include="src\ui\settings.cpp">
      <Filter>Source Files</Filter>
    </ClCompile>
    <ClCompile Include="src\ui\theora.cpp">
      <Filter>Source Files</Filter>
    </ClCompile>
    <ClCompile Include="src\ui\updater.cpp">
      <Filter>Source Files</Filter>
    </ClCompile>
    <ClCompile Include="src\ui\vpx.cpp">
      <Filter>Source Files</Filter>
    </ClCompile>
    <ClCompile Include="src\ui\vs.cpp">
      <Filter>Source Files</Filter>
    </ClCompile>
    <ClCompile Include="src\regex\audiosubinforegex.cpp">
      <Filter>Source Files</Filter>
    </ClCompile>
    <ClCompile Include="src\regex\processerrorregex.cpp">
      <Filter>Source Files</Filter>
    </ClCompile>
    <ClCompile Include="src\regex\progressinforegex.cpp">
      <Filter>Source Files</Filter>
    </ClCompile>
    <ClCompile Include="src\regex\videoinforegex.cpp">
      <Filter>Source Files</Filter>
    </ClCompile>
    <ClCompile Include="src\process\ffloader.cpp">
      <Filter>Source Files</Filter>
    </ClCompile>
    <ClCompile Include="src\process\mediaconfig.cpp">
      <Filter>Source Files</Filter>
    </ClCompile>
    <ClCompile Include="src\process\processworker.cpp">
      <Filter>Source Files</Filter>
    </ClCompile>
    <ClCompile Include="src\process\scriptbuilder.cpp">
      <Filter>Source Files</Filter>
    </ClCompile>
    <ClCompile Include="src\io\audioinfo.cpp">
      <Filter>Source Files</Filter>
    </ClCompile>
    <ClCompile Include="src\io\processerror.cpp">
      <Filter>Source Files</Filter>
    </ClCompile>
    <ClCompile Include="src\io\progressinfo.cpp">
      <Filter>Source Files</Filter>
    </ClCompile>
    <ClCompile Include="src\io\subtitleinfo.cpp">
      <Filter>Source Files</Filter>
    </ClCompile>
    <ClCompile Include="src\io\videoinfo.cpp">
      <Filter>Source Files</Filter>
    </ClCompile>
    <ClCompile Include="src\io\videoinfolist.cpp">
      <Filter>Source Files</Filter>
    </ClCompile>
    <ClCompile Include="src\checks\files.cpp">
      <Filter>Source Files</Filter>
    </ClCompile>
    <ClCompile Include="src\checks\process.cpp">
      <Filter>Source Files</Filter>
    </ClCompile>
    <ClCompile Include="src\args\audioargs.cpp">
      <Filter>Source Files</Filter>
    </ClCompile>
    <ClCompile Include="src\args\codec.cpp">
      <Filter>Source Files</Filter>
    </ClCompile>
    <ClCompile Include="src\args\colorsargs.cpp">
      <Filter>Source Files</Filter>
    </ClCompile>
    <ClCompile Include="src\args\entropy.cpp">
      <Filter>Source Files</Filter>
    </ClCompile>
    <ClCompile Include="src\args\frame.cpp">
      <Filter>Source Files</Filter>
    </ClCompile>
    <ClCompile Include="src\args\hdr.cpp">
      <Filter>Source Files</Filter>
    </ClCompile>
    <ClCompile Include="src\args\map.cpp">
      <Filter>Source Files</Filter>
    </ClCompile>
    <ClCompile Include="src\args\misc.cpp">
      <Filter>Source Files</Filter>
    </ClCompile>
    <ClCompile Include="src\args\pass.cpp">
      <Filter>Source Files</Filter>
    </ClCompile>
    <ClCompile Include="src\args\preset.cpp">
      <Filter>Source Files</Filter>
    </ClCompile>
    <ClCompile Include="src\args\profile.cpp">
      <Filter>Source Files</Filter>
    </ClCompile>
    <ClCompile Include="src\args\ratecontrol.cpp">
      <Filter>Source Files</Filter>
    </ClCompile>
    <ClCompile Include="src\args\resolution.cpp">
      <Filter>Source Files</Filter>
    </ClCompile>
    <ClCompile Include="src\args\sharpen.cpp">
      <Filter>Source Files</Filter>
    </ClCompile>
    <ClCompile Include="src\args\tier.cpp">
      <Filter>Source Files</Filter>
    </ClCompile>
    <ClCompile Include="src\args\timecode.cpp">
      <Filter>Source Files</Filter>
    </ClCompile>
    <ClCompile Include="src\args\transpose.cpp">
      <Filter>Source Files</Filter>
    </ClCompile>
    <ClCompile Include="src\args\tune.cpp">
      <Filter>Source Files</Filter>
    </ClCompile>
    <ClCompile Include="src\args\vspipe.cpp">
      <Filter>Source Files</Filter>
    </ClCompile>
    <ClCompile Include="src\args\bitrate.cpp">
      <Filter>Source Files</Filter>
    </ClCompile>
    <ClCompile Include="src\args\chapters.cpp">
      <Filter>Source Files</Filter>
    </ClCompile>
    <ClCompile Include="src\ui\enviornment.cpp">
      <Filter>Source Files</Filter>
    </ClCompile>
    <ClCompile Include="src\args\subtitleargs.cpp">
      <Filter>Source Files</Filter>
    </ClCompile>
    <ClCompile Include="src\ui\subtitles.cpp">
      <Filter>Source Files</Filter>
    </ClCompile>
    <ClCompile Include="src\vs\realsr.cpp">
      <Filter>Source Files</Filter>
    </ClCompile>
  </ItemGroup>
  <ItemGroup>
    <ClInclude Include="include\vapoursynth.hpp">
      <Filter>Header Files</Filter>
    </ClInclude>
    <ClInclude Include="include\preview.hpp">
      <Filter>Header Files</Filter>
    </ClInclude>
    <ClInclude Include="include\updater.hpp">
      <Filter>Header Files</Filter>
    </ClInclude>
    <ClInclude Include="include\audiosubinforegex.hpp">
      <Filter>Header Files</Filter>
    </ClInclude>
    <ClInclude Include="include\processerrorregex.hpp">
      <Filter>Header Files</Filter>
    </ClInclude>
    <ClInclude Include="include\progressinforegex.hpp">
      <Filter>Header Files</Filter>
    </ClInclude>
    <ClInclude Include="include\videoinforegex.hpp">
      <Filter>Header Files</Filter>
    </ClInclude>
    <ClInclude Include="include\mediaconfig.hpp">
      <Filter>Header Files</Filter>
    </ClInclude>
    <ClInclude Include="include\scriptbuilder.hpp">
      <Filter>Header Files</Filter>
    </ClInclude>
    <ClInclude Include="include\audioinfo.hpp">
      <Filter>Header Files</Filter>
    </ClInclude>
    <ClInclude Include="include\processerror.hpp">
      <Filter>Header Files</Filter>
    </ClInclude>
    <ClInclude Include="include\progressinfo.hpp">
      <Filter>Header Files</Filter>
    </ClInclude>
    <ClInclude Include="include\subtitleinfo.hpp">
      <Filter>Header Files</Filter>
    </ClInclude>
    <ClInclude Include="include\videoinfo.hpp">
      <Filter>Header Files</Filter>
    </ClInclude>
    <ClInclude Include="include\videoinfolist.hpp">
      <Filter>Header Files</Filter>
    </ClInclude>
    <ClInclude Include="include\checks.hpp">
      <Filter>Header Files</Filter>
    </ClInclude>
    <ClInclude Include="include\args.hpp">
      <Filter>Header Files</Filter>
    </ClInclude>
    <ClInclude Include="include\windows\ui_encodegui.hpp">
      <Filter>Header Files</Filter>
    </ClInclude>
    <ClInclude Include="include\windows\ui_preview.hpp">
      <Filter>Header Files</Filter>
    </ClInclude>
    <ClInclude Include="include\windows\ui_updater.hpp">
      <Filter>Header Files</Filter>
    </ClInclude>
  </ItemGroup>
  <ItemGroup>
    <QtMoc Include="include\encodegui.hpp">
      <Filter>Header Files</Filter>
    </QtMoc>
    <QtMoc Include="include\ffloader.hpp">
      <Filter>Header Files</Filter>
    </QtMoc>
  </ItemGroup>
  <ItemGroup>
    <QtUic Include="include\windows\encodegui.ui">
      <Filter>Form Files</Filter>
    </QtUic>
    <QtUic Include="include\windows\preview.ui">
      <Filter>Form Files</Filter>
    </QtUic>
    <QtUic Include="include\windows\updater.ui">
      <Filter>Form Files</Filter>
    </QtUic>
  </ItemGroup>
  <ItemGroup>
    <QtRcc Include="assets\EncodeGUI.qrc">
      <Filter>Resource Files</Filter>
    </QtRcc>
  </ItemGroup>
  <ItemGroup>
    <ResourceCompile Include="assets\EncodeGUI.rc">
      <Filter>Resource Files</Filter>
    </ResourceCompile>
  </ItemGroup>
</Project>