<?xml version="1.0" encoding="utf-8"?>
<Project ToolsVersion="4.0" xmlns="http://schemas.microsoft.com/developer/msbuild/2003">
  <ItemGroup>
    <Filter Include="Source Files">
      <UniqueIdentifier>{4FC737F1-C7A5-4376-A066-2A32D752A2FF}</UniqueIdentifier>
      <Extensions>cpp;c;cc;cxx;def;odl;idl;hpj;bat;asm;asmx</Extensions>
    </Filter>
    <Filter Include="Header Files">
      <UniqueIdentifier>{93995380-89BD-4b04-88EB-625FBE52EBFB}</UniqueIdentifier>
      <Extensions>h;hh;hpp;hxx;hm;inl;inc;xsd</Extensions>
    </Filter>
    <Filter Include="Resource Files">
      <UniqueIdentifier>{67DA6AB6-F800-4c08-8B7A-83BB121AAD01}</UniqueIdentifier>
      <Extensions>qrc;rc;ico;cur;bmp;dlg;rc2;rct;bin;rgs;gif;jpg;jpeg;jpe;resx;tiff;tif;png;wav;mfcribbon-ms</Extensions>
    </Filter>
    <Filter Include="Form Files">
      <UniqueIdentifier>{99349809-55BA-4b9d-BF79-8FDBB0286EB3}</UniqueIdentifier>
      <Extensions>ui</Extensions>
    </Filter>
    <Filter Include="Translation Files">
      <UniqueIdentifier>{639EADAA-A684-42e4-A9AD-28FC9BCB8F7C}</UniqueIdentifier>
      <Extensions>ts</Extensions>
    </Filter>
  </ItemGroup>
  <ItemGroup>
    <ClCompile Include="main.cpp">
      <Filter>Source Files</Filter>
    </ClCompile>
    <ClCompile Include="UI\EncodeGUI.cpp">
      <Filter>Source Files</Filter>
    </ClCompile>
    <ClCompile Include="Arguments\CodecArgs.cpp">
      <Filter>Source Files</Filter>
    </ClCompile>
    <ClCompile Include="Arguments\ColorsArgs.cpp">
      <Filter>Source Files</Filter>
    </ClCompile>
    <ClCompile Include="Arguments\EntropyArgs.cpp">
      <Filter>Source Files</Filter>
    </ClCompile>
    <ClCompile Include="Arguments\FrameArgs.cpp">
      <Filter>Source Files</Filter>
    </ClCompile>
    <ClCompile Include="Arguments\HDRArgs.cpp">
      <Filter>Source Files</Filter>
    </ClCompile>
    <ClCompile Include="Arguments\MapArgs.cpp">
      <Filter>Source Files</Filter>
    </ClCompile>
    <ClCompile Include="Arguments\PresetArgs.cpp">
      <Filter>Source Files</Filter>
    </ClCompile>
    <ClCompile Include="Arguments\ProfileArgs.cpp">
      <Filter>Source Files</Filter>
    </ClCompile>
    <ClCompile Include="Arguments\RateControlArgs.cpp">
      <Filter>Source Files</Filter>
    </ClCompile>
    <ClCompile Include="Arguments\ResolutionArgs.cpp">
      <Filter>Source Files</Filter>
    </ClCompile>
    <ClCompile Include="Arguments\TransposeArgs.cpp">
      <Filter>Source Files</Filter>
    </ClCompile>
    <ClCompile Include="Arguments\SharpenArgs.cpp">
      <Filter>Source Files</Filter>
    </ClCompile>
    <ClCompile Include="Arguments\TimecodeArgs.cpp">
      <Filter>Source Files</Filter>
    </ClCompile>
    <ClCompile Include="Arguments\TuneArgs.cpp">
      <Filter>Source Files</Filter>
    </ClCompile>
    <ClCompile Include="Arguments\VsPipeArgs.cpp">
      <Filter>Source Files</Filter>
    </ClCompile>
    <ClCompile Include="Arguments\MiscArgs.cpp">
      <Filter>Source Files</Filter>
    </ClCompile>
    <ClCompile Include="Process\FFLoaderBase.cpp">
      <Filter>Source Files</Filter>
    </ClCompile>
    <ClCompile Include="Process\MediaConfig.cpp">
      <Filter>Source Files</Filter>
    </ClCompile>
    <ClCompile Include="Checks\Files.cpp">
      <Filter>Source Files</Filter>
    </ClCompile>
    <ClCompile Include="Checks\Process.cpp">
      <Filter>Source Files</Filter>
    </ClCompile>
    <ClCompile Include="VS\RIFE.cpp">
      <Filter>Source Files</Filter>
    </ClCompile>
    <ClCompile Include="VS\SVPFlow.cpp">
      <Filter>Source Files</Filter>
    </ClCompile>
    <ClCompile Include="VS\Waifu2x.cpp">
      <Filter>Source Files</Filter>
    </ClCompile>
    <ClCompile Include="VS\SRMD.cpp">
      <Filter>Source Files</Filter>
    </ClCompile>
    <ClCompile Include="IO\ProcessError.cpp">
      <Filter>Source Files</Filter>
    </ClCompile>
    <ClCompile Include="VS\Colors.cpp">
      <Filter>Source Files</Filter>
    </ClCompile>
    <ClCompile Include="VS\VapourSynth.cpp">
      <Filter>Source Files</Filter>
    </ClCompile>
    <ClCompile Include="UI\Config.cpp">
      <Filter>Source Files</Filter>
    </ClCompile>
    <ClCompile Include="UI\AVC.cpp">
      <Filter>Source Files</Filter>
    </ClCompile>
    <ClCompile Include="UI\HEVC.cpp">
      <Filter>Source Files</Filter>
    </ClCompile>
    <ClCompile Include="UI\Script.cpp">
      <Filter>Source Files</Filter>
    </ClCompile>
    <ClCompile Include="UI\VS.cpp">
      <Filter>Source Files</Filter>
    </ClCompile>
    <ClCompile Include="UI\Jobs.cpp">
      <Filter>Source Files</Filter>
    </ClCompile>
    <ClCompile Include="UI\VPX.cpp">
      <Filter>Source Files</Filter>
    </ClCompile>
    <ClCompile Include="UI\MsgBox.cpp">
      <Filter>Source Files</Filter>
    </ClCompile>
    <ClCompile Include="UI\Audio.cpp">
      <Filter>Source Files</Filter>
    </ClCompile>
    <ClCompile Include="UI\Theora.cpp">
      <Filter>Source Files</Filter>
    </ClCompile>
    <ClCompile Include="Arguments\MixArgs.cpp">
      <Filter>Source Files</Filter>
    </ClCompile>
    <ClCompile Include="Arguments\PassArgs.cpp">
      <Filter>Source Files</Filter>
    </ClCompile>
    <ClCompile Include="Arguments\IOArgs.cpp">
      <Filter>Source Files</Filter>
    </ClCompile>
    <ClCompile Include="UI\Settings.cpp">
      <Filter>Source Files</Filter>
    </ClCompile>
    <ClCompile Include="Process\ProcessWorker.cpp">
      <Filter>Source Files</Filter>
    </ClCompile>
    <ClCompile Include="Arguments\TierArgs.cpp">
      <Filter>Source Files</Filter>
    </ClCompile>
    <ClCompile Include="UI\Preview.cpp">
      <Filter>Source Files</Filter>
    </ClCompile>
    <ClCompile Include="IO\ProgressInfo.cpp">
      <Filter>Source Files</Filter>
    </ClCompile>
    <ClCompile Include="IO\VideoInfo.cpp">
      <Filter>Source Files</Filter>
    </ClCompile>
    <ClCompile Include="Regex\VideoInfoRegex.cpp">
      <Filter>Source Files</Filter>
    </ClCompile>
    <ClCompile Include="Regex\AudioSubInfoRegex.cpp">
      <Filter>Source Files</Filter>
    </ClCompile>
    <ClCompile Include="Regex\ProcessErrorRegex.cpp">
      <Filter>Source Files</Filter>
    </ClCompile>
    <ClCompile Include="IO\AudioInfo.cpp">
      <Filter>Source Files</Filter>
    </ClCompile>
    <ClCompile Include="IO\SubtitleInfo.cpp">
      <Filter>Source Files</Filter>
    </ClCompile>
    <ClCompile Include="IO\VideoInfoList.cpp">
      <Filter>Source Files</Filter>
    </ClCompile>
    <ClCompile Include="Regex\ProgressInfoRegex.cpp">
      <Filter>Source Files</Filter>
    </ClCompile>
    <ClCompile Include="Process\ScriptBuilder.cpp">
      <Filter>Source Files</Filter>
    </ClCompile>
    <ClCompile Include="Arguments\AudioArgs.cpp">
      <Filter>Source Files</Filter>
    </ClCompile>
  </ItemGroup>
  <ItemGroup>
    <ClInclude Include="Arguments\Argument.h">
      <Filter>Header Files</Filter>
    </ClInclude>
    <ClInclude Include="Checks\Checks.h">
      <Filter>Header Files</Filter>
    </ClInclude>
    <ClInclude Include="VS\VapourSynth.h">
      <Filter>Header Files</Filter>
    </ClInclude>
    <ClInclude Include="IO\VideoInfo.h">
      <Filter>Header Files</Filter>
    </ClInclude>
    <ClInclude Include="IO\ProgressInfo.h">
      <Filter>Header Files</Filter>
    </ClInclude>
    <ClInclude Include="IO\AudioInfo.h">
      <Filter>Header Files</Filter>
    </ClInclude>
    <ClInclude Include="IO\SubtitleInfo.h">
      <Filter>Header Files</Filter>
    </ClInclude>
    <ClInclude Include="IO\VideoInfoList.h">
      <Filter>Header Files</Filter>
    </ClInclude>
    <ClInclude Include="IO\ProcessError.h">
      <Filter>Header Files</Filter>
    </ClInclude>
    <ClInclude Include="Regex\VideoInfoRegex.h">
      <Filter>Header Files</Filter>
    </ClInclude>
    <ClInclude Include="Regex\AudioSubInfoRegex.h">
      <Filter>Header Files</Filter>
    </ClInclude>
    <ClInclude Include="Regex\ProcessErrorRegex.h">
      <Filter>Header Files</Filter>
    </ClInclude>
    <ClInclude Include="Regex\ProgressInfoRegex.h">
      <Filter>Header Files</Filter>
    </ClInclude>
    <ClInclude Include="Process\ScriptBuilder.h">
      <Filter>Header Files</Filter>
    </ClInclude>
    <ClInclude Include="Process\MediaConfig.h">
      <Filter>Header Files</Filter>
    </ClInclude>
    <ClInclude Include="UI\Preview.h">
      <Filter>Header Files</Filter>
    </ClInclude>
  </ItemGroup>
  <ItemGroup>
    <QtMoc Include="UI\EncodeGUI.h">
      <Filter>Header Files</Filter>
    </QtMoc>
    <QtMoc Include="Process\FFLoader.h">
      <Filter>Header Files</Filter>
    </QtMoc>
  </ItemGroup>
  <ItemGroup>
    <QtUic Include="UI\EncodeGUI.ui">
      <Filter>Form Files</Filter>
    </QtUic>
    <QtUic Include="UI\Preview.ui">
      <Filter>Form Files</Filter>
    </QtUic>
  </ItemGroup>
  <ItemGroup>
    <QtRcc Include="Assets\EncodeGUI.qrc">
      <Filter>Resource Files</Filter>
    </QtRcc>
  </ItemGroup>
  <ItemGroup>
    <ResourceCompile Include="Assets\EncodeGUI.rc">
      <Filter>Resource Files</Filter>
    </ResourceCompile>
  </ItemGroup>
</Project>