
Microsoft Visual Studio Solution File, Format Version 12.00
# Visual Studio Version 17
VisualStudioVersion = 17.0.31912.275
MinimumVisualStudioVersion = 10.0.40219.1
Project("{8BC9CEB8-8B4A-11D0-8D11-00A0C91BC942}") = "EncodeGUI", "EncodeGUI.vcxproj", "{098B73F3-16E7-4914-A051-CA4327E63F49}"
EndProject
Global
	GlobalSection(SolutionConfigurationPlatforms) = preSolution
		Debug|Any CPU = Debug|Any CPU
		Debug|x64 = Debug|x64
		Release|Any CPU = Release|Any CPU
		Release|x64 = Release|x64
	EndGlobalSection
	GlobalSection(ProjectConfigurationPlatforms) = postSolution
		{098B73F3-16E7-4914-A051-CA4327E63F49}.Debug|Any CPU.ActiveCfg = Debug|x64
		{098B73F3-16E7-4914-A051-CA4327E63F49}.Debug|Any CPU.Build.0 = Debug|x64
		{098B73F3-16E7-4914-A051-CA4327E63F49}.Debug|x64.ActiveCfg = Debug|x64
		{098B73F3-16E7-4914-A051-CA4327E63F49}.Debug|x64.Build.0 = Debug|x64
		{098B73F3-16E7-4914-A051-CA4327E63F49}.Release|Any CPU.ActiveCfg = Release|x64
		{098B73F3-16E7-4914-A051-CA4327E63F49}.Release|Any CPU.Build.0 = Release|x64
		{098B73F3-16E7-4914-A051-CA4327E63F49}.Release|x64.ActiveCfg = Release|x64
		{098B73F3-16E7-4914-A051-CA4327E63F49}.Release|x64.Build.0 = Release|x64
	EndGlobalSection
	GlobalSection(SolutionProperties) = preSolution
		HideSolutionNode = FALSE
	EndGlobalSection
	GlobalSection(ExtensibilityGlobals) = postSolution
		SolutionGuid = {5A135191-F8E3-4BE1-BB44-16FDBBF7D794}
	EndGlobalSection
EndGlobal
